
Microsoft Visual Studio Solution File, Format Version 12.00
# Visual Studio Version 16
VisualStudioVersion = 16.0.30804.86
MinimumVisualStudioVersion = 10.0.40219.1
Project("{FAE04EC0-301F-11D3-BF4B-00C04F79EFBC}") = "PasswordManager", "PasswordManager\PasswordManager.csproj", "{C4326C20-09DE-4114-A3EB-E5F454D3AA6D}"
EndProject
Project("{FAE04EC0-301F-11D3-BF4B-00C04F79EFBC}") = "SignUp", "Register\SignUp.csproj", "{5170E752-C199-4B79-86B0-3D447366812C}"
EndProject
Project("{FAE04EC0-301F-11D3-BF4B-00C04F79EFBC}") = "Database", "Database\Database.csproj", "{15987533-2756-46B1-9927-B2ED3BC85923}"
EndProject
Global
	GlobalSection(SolutionConfigurationPlatforms) = preSolution
		Debug|Any CPU = Debug|Any CPU
		Release|Any CPU = Release|Any CPU
	EndGlobalSection
	GlobalSection(ProjectConfigurationPlatforms) = postSolution
		{C4326C20-09DE-4114-A3EB-E5F454D3AA6D}.Debug|Any CPU.ActiveCfg = Debug|Any CPU
		{C4326C20-09DE-4114-A3EB-E5F454D3AA6D}.Debug|Any CPU.Build.0 = Debug|Any CPU
		{C4326C20-09DE-4114-A3EB-E5F454D3AA6D}.Release|Any CPU.ActiveCfg = Release|Any CPU
		{C4326C20-09DE-4114-A3EB-E5F454D3AA6D}.Release|Any CPU.Build.0 = Release|Any CPU
		{5170E752-C199-4B79-86B0-3D447366812C}.Debug|Any CPU.ActiveCfg = Debug|Any CPU
		{5170E752-C199-4B79-86B0-3D447366812C}.Debug|Any CPU.Build.0 = Debug|Any CPU
		{5170E752-C199-4B79-86B0-3D447366812C}.Release|Any CPU.ActiveCfg = Release|Any CPU
		{5170E752-C199-4B79-86B0-3D447366812C}.Release|Any CPU.Build.0 = Release|Any CPU
		{15987533-2756-46B1-9927-B2ED3BC85923}.Debug|Any CPU.ActiveCfg = Debug|Any CPU
		{15987533-2756-46B1-9927-B2ED3BC85923}.Debug|Any CPU.Build.0 = Debug|Any CPU
		{15987533-2756-46B1-9927-B2ED3BC85923}.Release|Any CPU.ActiveCfg = Release|Any CPU
		{15987533-2756-46B1-9927-B2ED3BC85923}.Release|Any CPU.Build.0 = Release|Any CPU
	EndGlobalSection
	GlobalSection(SolutionProperties) = preSolution
		HideSolutionNode = FALSE
	EndGlobalSection
	GlobalSection(ExtensibilityGlobals) = postSolution
		SolutionGuid = {A7C058AD-298E-415D-A38D-9B60368F3345}
	EndGlobalSection
EndGlobal
